
Microsoft Visual Studio Solution File, Format Version 12.00
# Visual Studio 15
VisualStudioVersion = 15.0.28307.572
MinimumVisualStudioVersion = 10.0.40219.1
Project("{9A19103F-16F7-4668-BE54-9A1E7A4F7556}") = "DotNetCoreExample", "DotNetCoreExample\DotNetCoreExample.csproj", "{1E6BEF7D-5F9A-49B4-B2D1-327956EED553}"
EndProject
Project("{FAE04EC0-301F-11D3-BF4B-00C04F79EFBC}") = "DotNetCoreExampleTest", "DotNetCoreExampleTest\DotNetCoreExampleTest.csproj", "{858C56B9-4569-440F-B610-3BB68469A059}"
EndProject
Global
	GlobalSection(SolutionConfigurationPlatforms) = preSolution
		Debug|Any CPU = Debug|Any CPU
		Release|Any CPU = Release|Any CPU
	EndGlobalSection
	GlobalSection(ProjectConfigurationPlatforms) = postSolution
		{1E6BEF7D-5F9A-49B4-B2D1-327956EED553}.Debug|Any CPU.ActiveCfg = Debug|Any CPU
		{1E6BEF7D-5F9A-49B4-B2D1-327956EED553}.Debug|Any CPU.Build.0 = Debug|Any CPU
		{1E6BEF7D-5F9A-49B4-B2D1-327956EED553}.Release|Any CPU.ActiveCfg = Release|Any CPU
		{1E6BEF7D-5F9A-49B4-B2D1-327956EED553}.Release|Any CPU.Build.0 = Release|Any CPU
		{858C56B9-4569-440F-B610-3BB68469A059}.Debug|Any CPU.ActiveCfg = Debug|Any CPU
		{858C56B9-4569-440F-B610-3BB68469A059}.Debug|Any CPU.Build.0 = Debug|Any CPU
		{858C56B9-4569-440F-B610-3BB68469A059}.Release|Any CPU.ActiveCfg = Release|Any CPU
		{858C56B9-4569-440F-B610-3BB68469A059}.Release|Any CPU.Build.0 = Release|Any CPU
	EndGlobalSection
	GlobalSection(SolutionProperties) = preSolution
		HideSolutionNode = FALSE
	EndGlobalSection
	GlobalSection(ExtensibilityGlobals) = postSolution
		SolutionGuid = {BC174D47-C65F-4C0F-A7CF-45B5CC07BE57}
	EndGlobalSection
EndGlobal
